<?xml version="1.0" encoding="utf-8"?>
<Project ToolsVersion="16.0" xmlns="http://schemas.microsoft.com/developer/msbuild/2003">
  <ItemGroup>
    <ClCompile Include="C:\Users\Xavie\OneDrive\Desktop\Spring 2021\CSE 168\CSE-168-OptiX-Solution\OptiXRenderer\main.cpp">
      <Filter>Source Files</Filter>
    </ClCompile>
    <ClCompile Include="C:\Users\Xavie\OneDrive\Desktop\Spring 2021\CSE 168\CSE-168-OptiX-Solution\OptiXRenderer\Renderer.cpp">
      <Filter>Source Files</Filter>
    </ClCompile>
    <ClCompile Include="C:\Users\Xavie\OneDrive\Desktop\Spring 2021\CSE 168\CSE-168-OptiX-Solution\OptiXRenderer\SceneLoader.cpp">
      <Filter>Source Files</Filter>
    </ClCompile>
    <ClCompile Include="C:\Users\Xavie\OneDrive\Desktop\Spring 2021\CSE 168\CSE-168-OptiX-Solution\OptiXRenderer\utils.cpp">
      <Filter>Source Files</Filter>
    </ClCompile>
    <ClCompile Include="C:\Users\Xavie\OneDrive\Desktop\Spring 2021\CSE 168\CSE-168-OptiX-Solution\OptiXRenderer\lodepng.cpp">
      <Filter>Source Files</Filter>
    </ClCompile>
  </ItemGroup>
  <ItemGroup>
    <ClInclude Include="C:\Users\Xavie\OneDrive\Desktop\Spring 2021\CSE 168\CSE-168-OptiX-Solution\OptiXRenderer\main.h">
      <Filter>Header Files</Filter>
    </ClInclude>
    <ClInclude Include="C:\Users\Xavie\OneDrive\Desktop\Spring 2021\CSE 168\CSE-168-OptiX-Solution\OptiXRenderer\Renderer.h">
      <Filter>Header Files</Filter>
    </ClInclude>
    <ClInclude Include="C:\Users\Xavie\OneDrive\Desktop\Spring 2021\CSE 168\CSE-168-OptiX-Solution\OptiXRenderer\SceneLoader.h">
      <Filter>Header Files</Filter>
    </ClInclude>
    <ClInclude Include="C:\Users\Xavie\OneDrive\Desktop\Spring 2021\CSE 168\CSE-168-OptiX-Solution\OptiXRenderer\utils.h">
      <Filter>Header Files</Filter>
    </ClInclude>
    <ClInclude Include="C:\Users\Xavie\OneDrive\Desktop\Spring 2021\CSE 168\CSE-168-OptiX-Solution\OptiXRenderer\lodepng.h">
      <Filter>Header Files</Filter>
    </ClInclude>
    <ClInclude Include="C:\Users\Xavie\OneDrive\Desktop\Spring 2021\CSE 168\CSE-168-OptiX-Solution\OptiXRenderer\Scene.h">
      <Filter>Header Files</Filter>
    </ClInclude>
    <ClInclude Include="C:\Users\Xavie\OneDrive\Desktop\Spring 2021\CSE 168\CSE-168-OptiX-Solution\OptiXRenderer\Light.h">
      <Filter>Header Files</Filter>
    </ClInclude>
    <ClInclude Include="C:\Users\Xavie\OneDrive\Desktop\Spring 2021\CSE 168\CSE-168-OptiX-Solution\OptiXRenderer\Geometries.h">
      <Filter>Header Files</Filter>
    </ClInclude>
    <ClInclude Include="C:\Users\Xavie\OneDrive\Desktop\Spring 2021\CSE 168\CSE-168-OptiX-Solution\OptiXRenderer\Payloads.h">
      <Filter>Header Files</Filter>
    </ClInclude>
    <ClInclude Include="C:\Users\Xavie\OneDrive\Desktop\Spring 2021\CSE 168\CSE-168-OptiX-Solution\OptiXRenderer\Config.h">
      <Filter>Header Files</Filter>
    </ClInclude>
    <ClInclude Include="C:\Users\Xavie\OneDrive\Desktop\Spring 2021\CSE 168\CSE-168-OptiX-Solution\OptiXRenderer\random.h">
      <Filter>Header Files</Filter>
    </ClInclude>
  </ItemGroup>
  <ItemGroup>
    <CustomBuild Include="C:\Users\Xavie\OneDrive\Desktop\Spring 2021\CSE 168\CSE-168-OptiX-Solution\OptiXRenderer\CMakeLists.txt" />
  </ItemGroup>
  <ItemGroup>
    <None Include="C:\Users\Xavie\OneDrive\Desktop\Spring 2021\CSE 168\CSE-168-OptiX-Solution\OptiXRenderer\PinholeCamera.cu">
      <Filter>CUDA Files</Filter>
    </None>
    <None Include="C:\Users\Xavie\OneDrive\Desktop\Spring 2021\CSE 168\CSE-168-OptiX-Solution\OptiXRenderer\RayTracer.cu">
      <Filter>CUDA Files</Filter>
    </None>
    <None Include="C:\Users\Xavie\OneDrive\Desktop\Spring 2021\CSE 168\CSE-168-OptiX-Solution\OptiXRenderer\Triangle.cu">
      <Filter>CUDA Files</Filter>
    </None>
    <None Include="C:\Users\Xavie\OneDrive\Desktop\Spring 2021\CSE 168\CSE-168-OptiX-Solution\OptiXRenderer\Sphere.cu">
      <Filter>CUDA Files</Filter>
    </None>
    <None Include="C:\Users\Xavie\OneDrive\Desktop\Spring 2021\CSE 168\CSE-168-OptiX-Solution\OptiXRenderer\Common.cu">
      <Filter>CUDA Files</Filter>
    </None>
  </ItemGroup>
  <ItemGroup>
    <Filter Include="CUDA Files">
      <UniqueIdentifier>{2ABE5B3A-DA49-3A12-8001-31D963D50FC4}</UniqueIdentifier>
    </Filter>
    <Filter Include="Header Files">
      <UniqueIdentifier>{F7095A1E-C189-3AB4-8939-7961539169EC}</UniqueIdentifier>
    </Filter>
    <Filter Include="Source Files">
      <UniqueIdentifier>{5A52939F-F6DB-334D-97A1-E80FB8622045}</UniqueIdentifier>
    </Filter>
  </ItemGroup>
</Project>
